// !$*UTF8*$!
{
	archiveVersion = 1;
	classes = {
	};
	objectVersion = 46;
	objects = {

/* Begin PBXBuildFile section */
		20202DA819DC22A9007AD2DF /* main.m in Sources */ = {isa = PBXBuildFile; fileRef = 20202DA719DC22A9007AD2DF /* main.m */; };
		20202DAB19DC22A9007AD2DF /* AppDelegate.m in Sources */ = {isa = PBXBuildFile; fileRef = 20202DAA19DC22A9007AD2DF /* AppDelegate.m */; };
		20202DAE19DC22A9007AD2DF /* ViewController.m in Sources */ = {isa = PBXBuildFile; fileRef = 20202DAD19DC22A9007AD2DF /* ViewController.m */; };
		20202DB119DC22A9007AD2DF /* Main.storyboard in Resources */ = {isa = PBXBuildFile; fileRef = 20202DAF19DC22A9007AD2DF /* Main.storyboard */; };
		20202DB319DC22A9007AD2DF /* Images.xcassets in Resources */ = {isa = PBXBuildFile; fileRef = 20202DB219DC22A9007AD2DF /* Images.xcassets */; };
		20202DB619DC22A9007AD2DF /* LaunchScreen.xib in Resources */ = {isa = PBXBuildFile; fileRef = 20202DB419DC22A9007AD2DF /* LaunchScreen.xib */; };
		20202DC219DC22A9007AD2DF /* testTests.m in Sources */ = {isa = PBXBuildFile; fileRef = 20202DC119DC22A9007AD2DF /* testTests.m */; };
/* End PBXBuildFile section */

/* Begin PBXContainerItemProxy section */
		20202DBC19DC22A9007AD2DF /* PBXContainerItemProxy */ = {
			isa = PBXContainerItemProxy;
			containerPortal = 20202D9A19DC22A8007AD2DF /* Project object */;
			proxyType = 1;
			remoteGlobalIDString = 20202DA119DC22A9007AD2DF;
			remoteInfo = test;
		};
/* End PBXContainerItemProxy section */

/* Begin PBXFileReference section */
		20202DA219DC22A9007AD2DF /* test.app */ = {isa = PBXFileReference; explicitFileType = wrapper.application; includeInIndex = 0; path = test.app; sourceTree = BUILT_PRODUCTS_DIR; };
		20202DA619DC22A9007AD2DF /* Info.plist */ = {isa = PBXFileReference; lastKnownFileType = text.plist.xml; path = Info.plist; sourceTree = "<group>"; };
		20202DA719DC22A9007AD2DF /* main.m */ = {isa = PBXFileReference; lastKnownFileType = sourcecode.c.objc; path = main.m; sourceTree = "<group>"; };
		20202DA919DC22A9007AD2DF /* AppDelegate.h */ = {isa = PBXFileReference; lastKnownFileType = sourcecode.c.h; path = AppDelegate.h; sourceTree = "<group>"; };
		20202DAA19DC22A9007AD2DF /* AppDelegate.m */ = {isa = PBXFileReference; lastKnownFileType = sourcecode.c.objc; path = AppDelegate.m; sourceTree = "<group>"; };
		20202DAC19DC22A9007AD2DF /* ViewController.h */ = {isa = PBXFileReference; lastKnownFileType = sourcecode.c.h; path = ViewController.h; sourceTree = "<group>"; };
		20202DAD19DC22A9007AD2DF /* ViewController.m */ = {isa = PBXFileReference; lastKnownFileType = sourcecode.c.objc; path = ViewController.m; sourceTree = "<group>"; };
		20202DB019DC22A9007AD2DF /* Base */ = {isa = PBXFileReference; lastKnownFileType = file.storyboard; name = Base; path = Base.lproj/Main.storyboard; sourceTree = "<group>"; };
		20202DB219DC22A9007AD2DF /* Images.xcassets */ = {isa = PBXFileReference; lastKnownFileType = folder.assetcatalog; path = Images.xcassets; sourceTree = "<group>"; };
		20202DB519DC22A9007AD2DF /* Base */ = {isa = PBXFileReference; lastKnownFileType = file.xib; name = Base; path = Base.lproj/LaunchScreen.xib; sourceTree = "<group>"; };
		20202DBB19DC22A9007AD2DF /* testTests.xctest */ = {isa = PBXFileReference; explicitFileType = wrapper.cfbundle; includeInIndex = 0; path = testTests.xctest; sourceTree = BUILT_PRODUCTS_DIR; };
		20202DC019DC22A9007AD2DF /* Info.plist */ = {isa = PBXFileReference; lastKnownFileType = text.plist.xml; path = Info.plist; sourceTree = "<group>"; };
		20202DC119DC22A9007AD2DF /* testTests.m */ = {isa = PBXFileReference; lastKnownFileType = sourcecode.c.objc; path = testTests.m; sourceTree = "<group>"; };
/* End PBXFileReference section */

/* Begin PBXFrameworksBuildPhase section */
		20202D9F19DC22A9007AD2DF /* Frameworks */ = {
			isa = PBXFrameworksBuildPhase;
			buildActionMask = 2147483647;
			files = (
			);
			runOnlyForDeploymentPostprocessing = 0;
		};
		20202DB819DC22A9007AD2DF /* Frameworks */ = {
			isa = PBXFrameworksBuildPhase;
			buildActionMask = 2147483647;
			files = (
			);
			runOnlyForDeploymentPostprocessing = 0;
		};
/* End PBXFrameworksBuildPhase section */

/* Begin PBXGroup section */
		20202D9919DC22A8007AD2DF = {
			isa = PBXGroup;
			children = (
				20202DA419DC22A9007AD2DF /* test */,
				20202DBE19DC22A9007AD2DF /* testTests */,
				20202DA319DC22A9007AD2DF /* Products */,
			);
			sourceTree = "<group>";
		};
		20202DA319DC22A9007AD2DF /* Products */ = {
			isa = PBXGroup;
			children = (
				20202DA219DC22A9007AD2DF /* test.app */,
				20202DBB19DC22A9007AD2DF /* testTests.xctest */,
			);
			name = Products;
			sourceTree = "<group>";
		};
		20202DA419DC22A9007AD2DF /* test */ = {
			isa = PBXGroup;
			children = (
				20202DA919DC22A9007AD2DF /* AppDelegate.h */,
				20202DAA19DC22A9007AD2DF /* AppDelegate.m */,
				20202DAC19DC22A9007AD2DF /* ViewController.h */,
				20202DAD19DC22A9007AD2DF /* ViewController.m */,
				20202DAF19DC22A9007AD2DF /* Main.storyboard */,
				20202DB219DC22A9007AD2DF /* Images.xcassets */,
				20202DB419DC22A9007AD2DF /* LaunchScreen.xib */,
				20202DA519DC22A9007AD2DF /* Supporting Files */,
			);
			path = test;
			sourceTree = "<group>";
		};
		20202DA519DC22A9007AD2DF /* Supporting Files */ = {
			isa = PBXGroup;
			children = (
				20202DA619DC22A9007AD2DF /* Info.plist */,
				20202DA719DC22A9007AD2DF /* main.m */,
			);
			name = "Supporting Files";
			sourceTree = "<group>";
		};
		20202DBE19DC22A9007AD2DF /* testTests */ = {
			isa = PBXGroup;
			children = (
				20202DC119DC22A9007AD2DF /* testTests.m */,
				20202DBF19DC22A9007AD2DF /* Supporting Files */,
			);
			path = testTests;
			sourceTree = "<group>";
		};
		20202DBF19DC22A9007AD2DF /* Supporting Files */ = {
			isa = PBXGroup;
			children = (
				20202DC019DC22A9007AD2DF /* Info.plist */,
			);
			name = "Supporting Files";
			sourceTree = "<group>";
		};
/* End PBXGroup section */

/* Begin PBXNativeTarget section */
		20202DA119DC22A9007AD2DF /* test */ = {
			isa = PBXNativeTarget;
			buildConfigurationList = 20202DC519DC22A9007AD2DF /* Build configuration list for PBXNativeTarget "test" */;
			buildPhases = (
				20202D9E19DC22A9007AD2DF /* Sources */,
				20202D9F19DC22A9007AD2DF /* Frameworks */,
				20202DA019DC22A9007AD2DF /* Resources */,
			);
			buildRules = (
			);
			dependencies = (
			);
			name = test;
			productName = test;
			productReference = 20202DA219DC22A9007AD2DF /* test.app */;
			productType = "com.apple.product-type.application";
		};
		20202DBA19DC22A9007AD2DF /* testTests */ = {
			isa = PBXNativeTarget;
			buildConfigurationList = 20202DC819DC22A9007AD2DF /* Build configuration list for PBXNativeTarget "testTests" */;
			buildPhases = (
				20202DB719DC22A9007AD2DF /* Sources */,
				20202DB819DC22A9007AD2DF /* Frameworks */,
				20202DB919DC22A9007AD2DF /* Resources */,
			);
			buildRules = (
			);
			dependencies = (
				20202DBD19DC22A9007AD2DF /* PBXTargetDependency */,
			);
			name = testTests;
			productName = testTests;
			productReference = 20202DBB19DC22A9007AD2DF /* testTests.xctest */;
			productType = "com.apple.product-type.bundle.unit-test";
		};
/* End PBXNativeTarget section */

/* Begin PBXProject section */
		20202D9A19DC22A8007AD2DF /* Project object */ = {
			isa = PBXProject;
			attributes = {
				LastUpgradeCheck = 0600;
				ORGANIZATIONNAME = ThinkBridge;
				TargetAttributes = {
					20202DA119DC22A9007AD2DF = {
						CreatedOnToolsVersion = 6.0.1;
					};
					20202DBA19DC22A9007AD2DF = {
						CreatedOnToolsVersion = 6.0.1;
						TestTargetID = 20202DA119DC22A9007AD2DF;
					};
				};
			};
			buildConfigurationList = 20202D9D19DC22A8007AD2DF /* Build configuration list for PBXProject "test" */;
			compatibilityVersion = "Xcode 3.2";
			developmentRegion = English;
			hasScannedForEncodings = 0;
			knownRegions = (
				en,
				Base,
			);
			mainGroup = 20202D9919DC22A8007AD2DF;
			productRefGroup = 20202DA319DC22A9007AD2DF /* Products */;
			projectDirPath = "";
			projectRoot = "";
			targets = (
				20202DA119DC22A9007AD2DF /* test */,
				20202DBA19DC22A9007AD2DF /* testTests */,
			);
		};
/* End PBXProject section */

/* Begin PBXResourcesBuildPhase section */
		20202DA019DC22A9007AD2DF /* Resources */ = {
			isa = PBXResourcesBuildPhase;
			buildActionMask = 2147483647;
			files = (
				20202DB119DC22A9007AD2DF /* Main.storyboard in Resources */,
				20202DB619DC22A9007AD2DF /* LaunchScreen.xib in Resources */,
				20202DB319DC22A9007AD2DF /* Images.xcassets in Resources */,
			);
			runOnlyForDeploymentPostprocessing = 0;
		};
		20202DB919DC22A9007AD2DF /* Resources */ = {
			isa = PBXResourcesBuildPhase;
			buildActionMask = 2147483647;
			files = (
			);
			runOnlyForDeploymentPostprocessing = 0;
		};
/* End PBXResourcesBuildPhase section */

/* Begin PBXSourcesBuildPhase section */
		20202D9E19DC22A9007AD2DF /* Sources */ = {
			isa = PBXSourcesBuildPhase;
			buildActionMask = 2147483647;
			files = (
				20202DAE19DC22A9007AD2DF /* ViewController.m in Sources */,
				20202DAB19DC22A9007AD2DF /* AppDelegate.m in Sources */,
				20202DA819DC22A9007AD2DF /* main.m in Sources */,
			);
			runOnlyForDeploymentPostprocessing = 0;
		};
		20202DB719DC22A9007AD2DF /* Sources */ = {
			isa = PBXSourcesBuildPhase;
			buildActionMask = 2147483647;
			files = (
				20202DC219DC22A9007AD2DF /* testTests.m in Sources */,
			);
			runOnlyForDeploymentPostprocessing = 0;
		};
/* End PBXSourcesBuildPhase section */

/* Begin PBXTargetDependency section */
		20202DBD19DC22A9007AD2DF /* PBXTargetDependency */ = {
			isa = PBXTargetDependency;
			target = 20202DA119DC22A9007AD2DF /* test */;
			targetProxy = 20202DBC19DC22A9007AD2DF /* PBXContainerItemProxy */;
		};
/* End PBXTargetDependency section */

/* Begin PBXVariantGroup section */
		20202DAF19DC22A9007AD2DF /* Main.storyboard */ = {
			isa = PBXVariantGroup;
			children = (
				20202DB019DC22A9007AD2DF /* Base */,
			);
			name = Main.storyboard;
			sourceTree = "<group>";
		};
		20202DB419DC22A9007AD2DF /* LaunchScreen.xib */ = {
			isa = PBXVariantGroup;
			children = (
				20202DB519DC22A9007AD2DF /* Base */,
			);
			name = LaunchScreen.xib;
			sourceTree = "<group>";
		};
/* End PBXVariantGroup section */

/* Begin XCBuildConfiguration section */
		20202DC319DC22A9007AD2DF /* Debug */ = {
			isa = XCBuildConfiguration;
			buildSettings = {
				ALWAYS_SEARCH_USER_PATHS = NO;
				CLANG_CXX_LANGUAGE_STANDARD = "gnu++0x";
				CLANG_CXX_LIBRARY = "libc++";
				CLANG_ENABLE_MODULES = YES;
				CLANG_ENABLE_OBJC_ARC = YES;
				CLANG_WARN_BOOL_CONVERSION = YES;
				CLANG_WARN_CONSTANT_CONVERSION = YES;
				CLANG_WARN_DIRECT_OBJC_ISA_USAGE = YES_ERROR;
				CLANG_WARN_EMPTY_BODY = YES;
				CLANG_WARN_ENUM_CONVERSION = YES;
				CLANG_WARN_INT_CONVERSION = YES;
				CLANG_WARN_OBJC_ROOT_CLASS = YES_ERROR;
				CLANG_WARN_UNREACHABLE_CODE = YES;
				CLANG_WARN__DUPLICATE_METHOD_MATCH = YES;
				"CODE_SIGN_IDENTITY[sdk=iphoneos*]" = "iPhone Developer";
				COPY_PHASE_STRIP = NO;
				ENABLE_STRICT_OBJC_MSGSEND = YES;
				GCC_C_LANGUAGE_STANDARD = gnu99;
				GCC_DYNAMIC_NO_PIC = NO;
				GCC_OPTIMIZATION_LEVEL = 0;
				GCC_PREPROCESSOR_DEFINITIONS = (
					"DEBUG=1",
					"$(inherited)",
				);
				GCC_SYMBOLS_PRIVATE_EXTERN = NO;
				GCC_WARN_64_TO_32_BIT_CONVERSION = YES;
				GCC_WARN_ABOUT_RETURN_TYPE = YES_ERROR;
				GCC_WARN_UNDECLARED_SELECTOR = YES;
				GCC_WARN_UNINITIALIZED_AUTOS = YES_AGGRESSIVE;
				GCC_WARN_UNUSED_FUNCTION = YES;
				GCC_WARN_UNUSED_VARIABLE = YES;
				IPHONEOS_DEPLOYMENT_TARGET = 8.0;
				MTL_ENABLE_DEBUG_INFO = YES;
				ONLY_ACTIVE_ARCH = YES;
				SDKROOT = iphoneos;
				TARGETED_DEVICE_FAMILY = "1,2";
			};
			name = Debug;
		};
		20202DC419DC22A9007AD2DF /* Release */ = {
			isa = XCBuildConfiguration;
			buildSettings = {
				ALWAYS_SEARCH_USER_PATHS = NO;
				CLANG_CXX_LANGUAGE_STANDARD = "gnu++0x";
				CLANG_CXX_LIBRARY = "libc++";
				CLANG_ENABLE_MODULES = YES;
				CLANG_ENABLE_OBJC_ARC = YES;
				CLANG_WARN_BOOL_CONVERSION = YES;
				CLANG_WARN_CONSTANT_CONVERSION = YES;
				CLANG_WARN_DIRECT_OBJC_ISA_USAGE = YES_ERROR;
				CLANG_WARN_EMPTY_BODY = YES;
				CLANG_WARN_ENUM_CONVERSION = YES;
				CLANG_WARN_INT_CONVERSION = YES;
				CLANG_WARN_OBJC_ROOT_CLASS = YES_ERROR;
				CLANG_WARN_UNREACHABLE_CODE = YES;
				CLANG_WARN__DUPLICATE_METHOD_MATCH = YES;
				"CODE_SIGN_IDENTITY[sdk=iphoneos*]" = "iPhone Developer";
				COPY_PHASE_STRIP = YES;
				ENABLE_NS_ASSERTIONS = NO;
				ENABLE_STRICT_OBJC_MSGSEND = YES;
				GCC_C_LANGUAGE_STANDARD = gnu99;
				GCC_WARN_64_TO_32_BIT_CONVERSION = YES;
				GCC_WARN_ABOUT_RETURN_TYPE = YES_ERROR;
				GCC_WARN_UNDECLARED_SELECTOR = YES;
				GCC_WARN_UNINITIALIZED_AUTOS = YES_AGGRESSIVE;
				GCC_WARN_UNUSED_FUNCTION = YES;
				GCC_WARN_UNUSED_VARIABLE = YES;
				IPHONEOS_DEPLOYMENT_TARGET = 8.0;
				MTL_ENABLE_DEBUG_INFO = NO;
				SDKROOT = iphoneos;
				TARGETED_DEVICE_FAMILY = "1,2";
				VALIDATE_PRODUCT = YES;
			};
			name = Release;
		};
		20202DC619DC22A9007AD2DF /* Debug */ = {
			isa = XCBuildConfiguration;
			buildSettings = {
				ASSETCATALOG_COMPILER_APPICON_NAME = AppIcon;
				INFOPLIST_FILE = test/Info.plist;
				LD_RUNPATH_SEARCH_PATHS = "$(inherited) @executable_path/Frameworks";
				PRODUCT_NAME = "$(TARGET_NAME)";
			};
			name = Debug;
		};
		20202DC719DC22A9007AD2DF /* Release */ = {
			isa = XCBuildConfiguration;
			buildSettings = {
				ASSETCATALOG_COMPILER_APPICON_NAME = AppIcon;
				INFOPLIST_FILE = test/Info.plist;
				LD_RUNPATH_SEARCH_PATHS = "$(inherited) @executable_path/Frameworks";
				PRODUCT_NAME = "$(TARGET_NAME)";
			};
			name = Release;
		};
		20202DC919DC22A9007AD2DF /* Debug */ = {
			isa = XCBuildConfiguration;
			buildSettings = {
				BUNDLE_LOADER = "$(TEST_HOST)";
				FRAMEWORK_SEARCH_PATHS = (
					"$(SDKROOT)/Developer/Library/Frameworks",
					"$(inherited)",
				);
				GCC_PREPROCESSOR_DEFINITIONS = (
					"DEBUG=1",
					"$(inherited)",
				);
				INFOPLIST_FILE = testTests/Info.plist;
				LD_RUNPATH_SEARCH_PATHS = "$(inherited) @executable_path/Frameworks @loader_path/Frameworks";
				PRODUCT_NAME = "$(TARGET_NAME)";
				TEST_HOST = "$(BUILT_PRODUCTS_DIR)/test.app/test";
			};
			name = Debug;
		};
		20202DCA19DC22A9007AD2DF /* Release */ = {
			isa = XCBuildConfiguration;
			buildSettings = {
				BUNDLE_LOADER = "$(TEST_HOST)";
				FRAMEWORK_SEARCH_PATHS = (
					"$(SDKROOT)/Developer/Library/Frameworks",
					"$(inherited)",
				);
				INFOPLIST_FILE = testTests/Info.plist;
				LD_RUNPATH_SEARCH_PATHS = "$(inherited) @executable_path/Frameworks @loader_path/Frameworks";
				PRODUCT_NAME = "$(TARGET_NAME)";
				TEST_HOST = "$(BUILT_PRODUCTS_DIR)/test.app/test";
			};
			name = Release;
		};
/* End XCBuildConfiguration section */

/* Begin XCConfigurationList section */
		20202D9D19DC22A8007AD2DF /* Build configuration list for PBXProject "test" */ = {
			isa = XCConfigurationList;
			buildConfigurations = (
				20202DC319DC22A9007AD2DF /* Debug */,
				20202DC419DC22A9007AD2DF /* Release */,
			);
			defaultConfigurationIsVisible = 0;
			defaultConfigurationName = Release;
		};
		20202DC519DC22A9007AD2DF /* Build configuration list for PBXNativeTarget "test" */ = {
			isa = XCConfigurationList;
			buildConfigurations = (
				20202DC619DC22A9007AD2DF /* Debug */,
				20202DC719DC22A9007AD2DF /* Release */,
			);
			defaultConfigurationIsVisible = 0;
		};
		20202DC819DC22A9007AD2DF /* Build configuration list for PBXNativeTarget "testTests" */ = {
			isa = XCConfigurationList;
			buildConfigurations = (
				20202DC919DC22A9007AD2DF /* Debug */,
				20202DCA19DC22A9007AD2DF /* Release */,
			);
			defaultConfigurationIsVisible = 0;
		};
/* End XCConfigurationList section */
	};
	rootObject = 20202D9A19DC22A8007AD2DF /* Project object */;
}
